
Microsoft Visual Studio Solution File, Format Version 12.00
# Visual Studio 15
VisualStudioVersion = 15.0.26730.12
MinimumVisualStudioVersion = 10.0.40219.1
Project("{FAE04EC0-301F-11D3-BF4B-00C04F79EFBC}") = "Quartz", "Quartz\Quartz.csproj", "{337149BA-B139-40A2-B892-B4FC40F1B576}"
EndProject
Global
	GlobalSection(SolutionConfigurationPlatforms) = preSolution
		Debug|Any CPU = Debug|Any CPU
		Release|Any CPU = Release|Any CPU
	EndGlobalSection
	GlobalSection(ProjectConfigurationPlatforms) = postSolution
		{337149BA-B139-40A2-B892-B4FC40F1B576}.Debug|Any CPU.ActiveCfg = Debug|Any CPU
		{337149BA-B139-40A2-B892-B4FC40F1B576}.Debug|Any CPU.Build.0 = Debug|Any CPU
		{337149BA-B139-40A2-B892-B4FC40F1B576}.Release|Any CPU.ActiveCfg = Release|Any CPU
		{337149BA-B139-40A2-B892-B4FC40F1B576}.Release|Any CPU.Build.0 = Release|Any CPU
	EndGlobalSection
	GlobalSection(SolutionProperties) = preSolution
		HideSolutionNode = FALSE
	EndGlobalSection
	GlobalSection(ExtensibilityGlobals) = postSolution
		SolutionGuid = {065E9773-0742-4F1D-A79F-623A7FFDBCD8}
	EndGlobalSection
EndGlobal
